
Microsoft Visual Studio Solution File, Format Version 12.00
# Visual Studio Version 17
VisualStudioVersion = 17.10.35013.160
MinimumVisualStudioVersion = 10.0.40219.1
Project("{FAE04EC0-301F-11D3-BF4B-00C04F79EFBC}") = "ExcelDbForm", "ExcelDbForm\ExcelDbForm.csproj", "{A8E2DFF6-6187-4D7B-AEB5-82126853EEA7}"
EndProject
Global
	GlobalSection(SolutionConfigurationPlatforms) = preSolution
		Debug|Any CPU = Debug|Any CPU
		Release|Any CPU = Release|Any CPU
	EndGlobalSection
	GlobalSection(ProjectConfigurationPlatforms) = postSolution
		{A8E2DFF6-6187-4D7B-AEB5-82126853EEA7}.Debug|Any CPU.ActiveCfg = Debug|Any CPU
		{A8E2DFF6-6187-4D7B-AEB5-82126853EEA7}.Debug|Any CPU.Build.0 = Debug|Any CPU
		{A8E2DFF6-6187-4D7B-AEB5-82126853EEA7}.Release|Any CPU.ActiveCfg = Release|Any CPU
		{A8E2DFF6-6187-4D7B-AEB5-82126853EEA7}.Release|Any CPU.Build.0 = Release|Any CPU
	EndGlobalSection
	GlobalSection(SolutionProperties) = preSolution
		HideSolutionNode = FALSE
	EndGlobalSection
	GlobalSection(ExtensibilityGlobals) = postSolution
		SolutionGuid = {A9F17C17-8353-48A9-99DF-9E0815B87B95}
	EndGlobalSection
EndGlobal
